
Microsoft Visual Studio Solution File, Format Version 10.00
# Visual Studio 2008
Project("{FAE04EC0-301F-11D3-BF4B-00C04F79EFBC}") = "Game", "Game\Game.csproj", "{1DA1C1E6-DDD6-4F45-9CF4-7465F4931F2F}"
EndProject
Project("{FAE04EC0-301F-11D3-BF4B-00C04F79EFBC}") = "MainLogic", "MainLogic\MainLogic.csproj", "{D0B4E6C5-76E0-49F6-83C5-4A6D3EA4C89A}"
EndProject
Project("{2150E333-8FDC-42A3-9474-1A3956D46DE8}") = "Tests", "Tests", "{60BB74E7-F34F-473F-93B9-2E8B8B14B5BE}"
EndProject
Project("{FAE04EC0-301F-11D3-BF4B-00C04F79EFBC}") = "BulletTest", "BulletTest\BulletTest.csproj", "{F2A9646D-3EA9-4C3E-BE4B-CEF2CE0DCA46}"
EndProject
Project("{FAE04EC0-301F-11D3-BF4B-00C04F79EFBC}") = "VirtualBicycle.Ide", "VirtualBicycle.Ide\VirtualBicycle.Ide.csproj", "{AA72D449-B468-4698-A28D-926E2225FC5A}"
EndProject
Project("{2150E333-8FDC-42A3-9474-1A3956D46DE8}") = "Engine", "Engine", "{5FF681B1-3EFA-4E08-B591-B935648CEE4C}"
EndProject
Project("{2150E333-8FDC-42A3-9474-1A3956D46DE8}") = "IDEPlugins", "IDEPlugins", "{28DB5D72-71E8-4E92-A1C8-2CC5F45300A9}"
EndProject
Project("{FAE04EC0-301F-11D3-BF4B-00C04F79EFBC}") = "Plugin.GISTools", "IDEPlugins\Plugin.GISTools\Plugin.GISTools.csproj", "{8F9419AA-EA51-4759-BADC-59D984FFA3B3}"
EndProject
Project("{FAE04EC0-301F-11D3-BF4B-00C04F79EFBC}") = "Plugin.BitmapFontTools", "IDEPlugins\Plugin.BitmapFontTools\Plugin.BitmapFontTools.csproj", "{F3B19A80-1849-45B2-B21D-A9A68E2E47D0}"
EndProject
Project("{FAE04EC0-301F-11D3-BF4B-00C04F79EFBC}") = "Plugin.CsfTools", "IDEPlugins\Plugin.CsfTools\Plugin.CsfTools.csproj", "{40CA55CF-4A50-45CB-8166-06DE5F77316F}"
EndProject
Project("{FAE04EC0-301F-11D3-BF4B-00C04F79EFBC}") = "Plugin.ModelTools", "IDEPlugins\Plugin.ModelTools\Plugin.ModelTools.csproj", "{78198102-0C5B-4F8A-A001-CF55747DC044}"
EndProject
Project("{FAE04EC0-301F-11D3-BF4B-00C04F79EFBC}") = "Plugin.WorldBuilder", "IDEPlugins\Plugin.WorldBuilder\Plugin.WorldBuilder.csproj", "{88F2DDB5-3C4A-4D3D-A9FF-6A5DA19BB9B7}"
EndProject
Project("{FAE04EC0-301F-11D3-BF4B-00C04F79EFBC}") = "Plugin.Common", "IDEPlugins\Plugin.Common\Plugin.Common.csproj", "{FBD89143-7A75-4EF8-B697-80446030DFD7}"
EndProject
Global
	GlobalSection(SolutionConfigurationPlatforms) = preSolution
		Debug|Any CPU = Debug|Any CPU
		Debug|Mixed Platforms = Debug|Mixed Platforms
		Debug|Win32 = Debug|Win32
		Debug|x86 = Debug|x86
		Debug|Xbox 360 = Debug|Xbox 360
		Release|Any CPU = Release|Any CPU
		Release|Mixed Platforms = Release|Mixed Platforms
		Release|Win32 = Release|Win32
		Release|x86 = Release|x86
		Release|Xbox 360 = Release|Xbox 360
	EndGlobalSection
	GlobalSection(ProjectConfigurationPlatforms) = postSolution
		{1DA1C1E6-DDD6-4F45-9CF4-7465F4931F2F}.Debug|Any CPU.ActiveCfg = Debug|Any CPU
		{1DA1C1E6-DDD6-4F45-9CF4-7465F4931F2F}.Debug|Any CPU.Build.0 = Debug|Any CPU
		{1DA1C1E6-DDD6-4F45-9CF4-7465F4931F2F}.Debug|Mixed Platforms.ActiveCfg = Debug|Any CPU
		{1DA1C1E6-DDD6-4F45-9CF4-7465F4931F2F}.Debug|Mixed Platforms.Build.0 = Debug|Any CPU
		{1DA1C1E6-DDD6-4F45-9CF4-7465F4931F2F}.Debug|Win32.ActiveCfg = Debug|Any CPU
		{1DA1C1E6-DDD6-4F45-9CF4-7465F4931F2F}.Debug|x86.ActiveCfg = Debug|Any CPU
		{1DA1C1E6-DDD6-4F45-9CF4-7465F4931F2F}.Debug|Xbox 360.ActiveCfg = Debug|Any CPU
		{1DA1C1E6-DDD6-4F45-9CF4-7465F4931F2F}.Release|Any CPU.ActiveCfg = Release|Any CPU
		{1DA1C1E6-DDD6-4F45-9CF4-7465F4931F2F}.Release|Any CPU.Build.0 = Release|Any CPU
		{1DA1C1E6-DDD6-4F45-9CF4-7465F4931F2F}.Release|Mixed Platforms.ActiveCfg = Release|Any CPU
		{1DA1C1E6-DDD6-4F45-9CF4-7465F4931F2F}.Release|Mixed Platforms.Build.0 = Release|Any CPU
		{1DA1C1E6-DDD6-4F45-9CF4-7465F4931F2F}.Release|Win32.ActiveCfg = Release|Any CPU
		{1DA1C1E6-DDD6-4F45-9CF4-7465F4931F2F}.Release|x86.ActiveCfg = Release|Any CPU
		{1DA1C1E6-DDD6-4F45-9CF4-7465F4931F2F}.Release|Xbox 360.ActiveCfg = Release|Any CPU
		{D0B4E6C5-76E0-49F6-83C5-4A6D3EA4C89A}.Debug|Any CPU.ActiveCfg = Debug|Any CPU
		{D0B4E6C5-76E0-49F6-83C5-4A6D3EA4C89A}.Debug|Any CPU.Build.0 = Debug|Any CPU
		{D0B4E6C5-76E0-49F6-83C5-4A6D3EA4C89A}.Debug|Mixed Platforms.ActiveCfg = Debug|Any CPU
		{D0B4E6C5-76E0-49F6-83C5-4A6D3EA4C89A}.Debug|Mixed Platforms.Build.0 = Debug|Any CPU
		{D0B4E6C5-76E0-49F6-83C5-4A6D3EA4C89A}.Debug|Win32.ActiveCfg = Debug|Any CPU
		{D0B4E6C5-76E0-49F6-83C5-4A6D3EA4C89A}.Debug|x86.ActiveCfg = Debug|Any CPU
		{D0B4E6C5-76E0-49F6-83C5-4A6D3EA4C89A}.Debug|Xbox 360.ActiveCfg = Debug|Any CPU
		{D0B4E6C5-76E0-49F6-83C5-4A6D3EA4C89A}.Release|Any CPU.ActiveCfg = Release|Any CPU
		{D0B4E6C5-76E0-49F6-83C5-4A6D3EA4C89A}.Release|Any CPU.Build.0 = Release|Any CPU
		{D0B4E6C5-76E0-49F6-83C5-4A6D3EA4C89A}.Release|Mixed Platforms.ActiveCfg = Release|Any CPU
		{D0B4E6C5-76E0-49F6-83C5-4A6D3EA4C89A}.Release|Mixed Platforms.Build.0 = Release|Any CPU
		{D0B4E6C5-76E0-49F6-83C5-4A6D3EA4C89A}.Release|Win32.ActiveCfg = Release|Any CPU
		{D0B4E6C5-76E0-49F6-83C5-4A6D3EA4C89A}.Release|x86.ActiveCfg = Release|Any CPU
		{D0B4E6C5-76E0-49F6-83C5-4A6D3EA4C89A}.Release|Xbox 360.ActiveCfg = Release|Any CPU
		{F2A9646D-3EA9-4C3E-BE4B-CEF2CE0DCA46}.Debug|Any CPU.ActiveCfg = Debug|Any CPU
		{F2A9646D-3EA9-4C3E-BE4B-CEF2CE0DCA46}.Debug|Any CPU.Build.0 = Debug|Any CPU
		{F2A9646D-3EA9-4C3E-BE4B-CEF2CE0DCA46}.Debug|Mixed Platforms.ActiveCfg = Debug|Any CPU
		{F2A9646D-3EA9-4C3E-BE4B-CEF2CE0DCA46}.Debug|Mixed Platforms.Build.0 = Debug|Any CPU
		{F2A9646D-3EA9-4C3E-BE4B-CEF2CE0DCA46}.Debug|Win32.ActiveCfg = Debug|Any CPU
		{F2A9646D-3EA9-4C3E-BE4B-CEF2CE0DCA46}.Debug|x86.ActiveCfg = Debug|Any CPU
		{F2A9646D-3EA9-4C3E-BE4B-CEF2CE0DCA46}.Debug|Xbox 360.ActiveCfg = Debug|Any CPU
		{F2A9646D-3EA9-4C3E-BE4B-CEF2CE0DCA46}.Release|Any CPU.ActiveCfg = Release|Any CPU
		{F2A9646D-3EA9-4C3E-BE4B-CEF2CE0DCA46}.Release|Any CPU.Build.0 = Release|Any CPU
		{F2A9646D-3EA9-4C3E-BE4B-CEF2CE0DCA46}.Release|Mixed Platforms.ActiveCfg = Release|Any CPU
		{F2A9646D-3EA9-4C3E-BE4B-CEF2CE0DCA46}.Release|Mixed Platforms.Build.0 = Release|Any CPU
		{F2A9646D-3EA9-4C3E-BE4B-CEF2CE0DCA46}.Release|Win32.ActiveCfg = Release|Any CPU
		{F2A9646D-3EA9-4C3E-BE4B-CEF2CE0DCA46}.Release|x86.ActiveCfg = Release|Any CPU
		{F2A9646D-3EA9-4C3E-BE4B-CEF2CE0DCA46}.Release|Xbox 360.ActiveCfg = Release|Any CPU
		{AA72D449-B468-4698-A28D-926E2225FC5A}.Debug|Any CPU.ActiveCfg = Debug|Any CPU
		{AA72D449-B468-4698-A28D-926E2225FC5A}.Debug|Any CPU.Build.0 = Debug|Any CPU
		{AA72D449-B468-4698-A28D-926E2225FC5A}.Debug|Mixed Platforms.ActiveCfg = Debug|Any CPU
		{AA72D449-B468-4698-A28D-926E2225FC5A}.Debug|Mixed Platforms.Build.0 = Debug|Any CPU
		{AA72D449-B468-4698-A28D-926E2225FC5A}.Debug|Win32.ActiveCfg = Debug|Any CPU
		{AA72D449-B468-4698-A28D-926E2225FC5A}.Debug|x86.ActiveCfg = Debug|Any CPU
		{AA72D449-B468-4698-A28D-926E2225FC5A}.Debug|Xbox 360.ActiveCfg = Debug|Any CPU
		{AA72D449-B468-4698-A28D-926E2225FC5A}.Release|Any CPU.ActiveCfg = Release|Any CPU
		{AA72D449-B468-4698-A28D-926E2225FC5A}.Release|Any CPU.Build.0 = Release|Any CPU
		{AA72D449-B468-4698-A28D-926E2225FC5A}.Release|Mixed Platforms.ActiveCfg = Release|Any CPU
		{AA72D449-B468-4698-A28D-926E2225FC5A}.Release|Mixed Platforms.Build.0 = Release|Any CPU
		{AA72D449-B468-4698-A28D-926E2225FC5A}.Release|Win32.ActiveCfg = Release|Any CPU
		{AA72D449-B468-4698-A28D-926E2225FC5A}.Release|x86.ActiveCfg = Release|Any CPU
		{AA72D449-B468-4698-A28D-926E2225FC5A}.Release|Xbox 360.ActiveCfg = Release|Any CPU
		{8F9419AA-EA51-4759-BADC-59D984FFA3B3}.Debug|Any CPU.ActiveCfg = Debug|Any CPU
		{8F9419AA-EA51-4759-BADC-59D984FFA3B3}.Debug|Any CPU.Build.0 = Debug|Any CPU
		{8F9419AA-EA51-4759-BADC-59D984FFA3B3}.Debug|Mixed Platforms.ActiveCfg = Debug|Any CPU
		{8F9419AA-EA51-4759-BADC-59D984FFA3B3}.Debug|Mixed Platforms.Build.0 = Debug|Any CPU
		{8F9419AA-EA51-4759-BADC-59D984FFA3B3}.Debug|Win32.ActiveCfg = Debug|Any CPU
		{8F9419AA-EA51-4759-BADC-59D984FFA3B3}.Debug|x86.ActiveCfg = Debug|Any CPU
		{8F9419AA-EA51-4759-BADC-59D984FFA3B3}.Debug|Xbox 360.ActiveCfg = Debug|Any CPU
		{8F9419AA-EA51-4759-BADC-59D984FFA3B3}.Release|Any CPU.ActiveCfg = Release|Any CPU
		{8F9419AA-EA51-4759-BADC-59D984FFA3B3}.Release|Any CPU.Build.0 = Release|Any CPU
		{8F9419AA-EA51-4759-BADC-59D984FFA3B3}.Release|Mixed Platforms.ActiveCfg = Release|Any CPU
		{8F9419AA-EA51-4759-BADC-59D984FFA3B3}.Release|Mixed Platforms.Build.0 = Release|Any CPU
		{8F9419AA-EA51-4759-BADC-59D984FFA3B3}.Release|Win32.ActiveCfg = Release|Any CPU
		{8F9419AA-EA51-4759-BADC-59D984FFA3B3}.Release|x86.ActiveCfg = Release|Any CPU
		{8F9419AA-EA51-4759-BADC-59D984FFA3B3}.Release|Xbox 360.ActiveCfg = Release|Any CPU
		{F3B19A80-1849-45B2-B21D-A9A68E2E47D0}.Debug|Any CPU.ActiveCfg = Debug|Any CPU
		{F3B19A80-1849-45B2-B21D-A9A68E2E47D0}.Debug|Any CPU.Build.0 = Debug|Any CPU
		{F3B19A80-1849-45B2-B21D-A9A68E2E47D0}.Debug|Mixed Platforms.ActiveCfg = Debug|Any CPU
		{F3B19A80-1849-45B2-B21D-A9A68E2E47D0}.Debug|Mixed Platforms.Build.0 = Debug|Any CPU
		{F3B19A80-1849-45B2-B21D-A9A68E2E47D0}.Debug|Win32.ActiveCfg = Debug|Any CPU
		{F3B19A80-1849-45B2-B21D-A9A68E2E47D0}.Debug|x86.ActiveCfg = Debug|Any CPU
		{F3B19A80-1849-45B2-B21D-A9A68E2E47D0}.Debug|Xbox 360.ActiveCfg = Debug|Any CPU
		{F3B19A80-1849-45B2-B21D-A9A68E2E47D0}.Release|Any CPU.ActiveCfg = Release|Any CPU
		{F3B19A80-1849-45B2-B21D-A9A68E2E47D0}.Release|Any CPU.Build.0 = Release|Any CPU
		{F3B19A80-1849-45B2-B21D-A9A68E2E47D0}.Release|Mixed Platforms.ActiveCfg = Release|Any CPU
		{F3B19A80-1849-45B2-B21D-A9A68E2E47D0}.Release|Mixed Platforms.Build.0 = Release|Any CPU
		{F3B19A80-1849-45B2-B21D-A9A68E2E47D0}.Release|Win32.ActiveCfg = Release|Any CPU
		{F3B19A80-1849-45B2-B21D-A9A68E2E47D0}.Release|x86.ActiveCfg = Release|Any CPU
		{F3B19A80-1849-45B2-B21D-A9A68E2E47D0}.Release|Xbox 360.ActiveCfg = Release|Any CPU
		{40CA55CF-4A50-45CB-8166-06DE5F77316F}.Debug|Any CPU.ActiveCfg = Debug|Any CPU
		{40CA55CF-4A50-45CB-8166-06DE5F77316F}.Debug|Any CPU.Build.0 = Debug|Any CPU
		{40CA55CF-4A50-45CB-8166-06DE5F77316F}.Debug|Mixed Platforms.ActiveCfg = Debug|Any CPU
		{40CA55CF-4A50-45CB-8166-06DE5F77316F}.Debug|Mixed Platforms.Build.0 = Debug|Any CPU
		{40CA55CF-4A50-45CB-8166-06DE5F77316F}.Debug|Win32.ActiveCfg = Debug|Any CPU
		{40CA55CF-4A50-45CB-8166-06DE5F77316F}.Debug|x86.ActiveCfg = Debug|Any CPU
		{40CA55CF-4A50-45CB-8166-06DE5F77316F}.Debug|Xbox 360.ActiveCfg = Debug|Any CPU
		{40CA55CF-4A50-45CB-8166-06DE5F77316F}.Release|Any CPU.ActiveCfg = Release|Any CPU
		{40CA55CF-4A50-45CB-8166-06DE5F77316F}.Release|Any CPU.Build.0 = Release|Any CPU
		{40CA55CF-4A50-45CB-8166-06DE5F77316F}.Release|Mixed Platforms.ActiveCfg = Release|Any CPU
		{40CA55CF-4A50-45CB-8166-06DE5F77316F}.Release|Mixed Platforms.Build.0 = Release|Any CPU
		{40CA55CF-4A50-45CB-8166-06DE5F77316F}.Release|Win32.ActiveCfg = Release|Any CPU
		{40CA55CF-4A50-45CB-8166-06DE5F77316F}.Release|x86.ActiveCfg = Release|Any CPU
		{40CA55CF-4A50-45CB-8166-06DE5F77316F}.Release|Xbox 360.ActiveCfg = Release|Any CPU
		{78198102-0C5B-4F8A-A001-CF55747DC044}.Debug|Any CPU.ActiveCfg = Debug|Any CPU
		{78198102-0C5B-4F8A-A001-CF55747DC044}.Debug|Any CPU.Build.0 = Debug|Any CPU
		{78198102-0C5B-4F8A-A001-CF55747DC044}.Debug|Mixed Platforms.ActiveCfg = Debug|Any CPU
		{78198102-0C5B-4F8A-A001-CF55747DC044}.Debug|Mixed Platforms.Build.0 = Debug|Any CPU
		{78198102-0C5B-4F8A-A001-CF55747DC044}.Debug|Win32.ActiveCfg = Debug|Any CPU
		{78198102-0C5B-4F8A-A001-CF55747DC044}.Debug|x86.ActiveCfg = Debug|Any CPU
		{78198102-0C5B-4F8A-A001-CF55747DC044}.Debug|Xbox 360.ActiveCfg = Debug|Any CPU
		{78198102-0C5B-4F8A-A001-CF55747DC044}.Release|Any CPU.ActiveCfg = Release|Any CPU
		{78198102-0C5B-4F8A-A001-CF55747DC044}.Release|Any CPU.Build.0 = Release|Any CPU
		{78198102-0C5B-4F8A-A001-CF55747DC044}.Release|Mixed Platforms.ActiveCfg = Release|Any CPU
		{78198102-0C5B-4F8A-A001-CF55747DC044}.Release|Mixed Platforms.Build.0 = Release|Any CPU
		{78198102-0C5B-4F8A-A001-CF55747DC044}.Release|Win32.ActiveCfg = Release|Any CPU
		{78198102-0C5B-4F8A-A001-CF55747DC044}.Release|x86.ActiveCfg = Release|Any CPU
		{78198102-0C5B-4F8A-A001-CF55747DC044}.Release|Xbox 360.ActiveCfg = Release|Any CPU
		{88F2DDB5-3C4A-4D3D-A9FF-6A5DA19BB9B7}.Debug|Any CPU.ActiveCfg = Debug|Any CPU
		{88F2DDB5-3C4A-4D3D-A9FF-6A5DA19BB9B7}.Debug|Any CPU.Build.0 = Debug|Any CPU
		{88F2DDB5-3C4A-4D3D-A9FF-6A5DA19BB9B7}.Debug|Mixed Platforms.ActiveCfg = Debug|Any CPU
		{88F2DDB5-3C4A-4D3D-A9FF-6A5DA19BB9B7}.Debug|Mixed Platforms.Build.0 = Debug|Any CPU
		{88F2DDB5-3C4A-4D3D-A9FF-6A5DA19BB9B7}.Debug|Win32.ActiveCfg = Debug|Any CPU
		{88F2DDB5-3C4A-4D3D-A9FF-6A5DA19BB9B7}.Debug|x86.ActiveCfg = Debug|Any CPU
		{88F2DDB5-3C4A-4D3D-A9FF-6A5DA19BB9B7}.Debug|Xbox 360.ActiveCfg = Debug|Any CPU
		{88F2DDB5-3C4A-4D3D-A9FF-6A5DA19BB9B7}.Release|Any CPU.ActiveCfg = Release|Any CPU
		{88F2DDB5-3C4A-4D3D-A9FF-6A5DA19BB9B7}.Release|Any CPU.Build.0 = Release|Any CPU
		{88F2DDB5-3C4A-4D3D-A9FF-6A5DA19BB9B7}.Release|Mixed Platforms.ActiveCfg = Release|Any CPU
		{88F2DDB5-3C4A-4D3D-A9FF-6A5DA19BB9B7}.Release|Mixed Platforms.Build.0 = Release|Any CPU
		{88F2DDB5-3C4A-4D3D-A9FF-6A5DA19BB9B7}.Release|Win32.ActiveCfg = Release|Any CPU
		{88F2DDB5-3C4A-4D3D-A9FF-6A5DA19BB9B7}.Release|x86.ActiveCfg = Release|Any CPU
		{88F2DDB5-3C4A-4D3D-A9FF-6A5DA19BB9B7}.Release|Xbox 360.ActiveCfg = Release|Any CPU
		{FBD89143-7A75-4EF8-B697-80446030DFD7}.Debug|Any CPU.ActiveCfg = Debug|Any CPU
		{FBD89143-7A75-4EF8-B697-80446030DFD7}.Debug|Any CPU.Build.0 = Debug|Any CPU
		{FBD89143-7A75-4EF8-B697-80446030DFD7}.Debug|Mixed Platforms.ActiveCfg = Debug|Any CPU
		{FBD89143-7A75-4EF8-B697-80446030DFD7}.Debug|Mixed Platforms.Build.0 = Debug|Any CPU
		{FBD89143-7A75-4EF8-B697-80446030DFD7}.Debug|Win32.ActiveCfg = Debug|Any CPU
		{FBD89143-7A75-4EF8-B697-80446030DFD7}.Debug|x86.ActiveCfg = Debug|Any CPU
		{FBD89143-7A75-4EF8-B697-80446030DFD7}.Debug|Xbox 360.ActiveCfg = Debug|Any CPU
		{FBD89143-7A75-4EF8-B697-80446030DFD7}.Release|Any CPU.ActiveCfg = Release|Any CPU
		{FBD89143-7A75-4EF8-B697-80446030DFD7}.Release|Any CPU.Build.0 = Release|Any CPU
		{FBD89143-7A75-4EF8-B697-80446030DFD7}.Release|Mixed Platforms.ActiveCfg = Release|Any CPU
		{FBD89143-7A75-4EF8-B697-80446030DFD7}.Release|Mixed Platforms.Build.0 = Release|Any CPU
		{FBD89143-7A75-4EF8-B697-80446030DFD7}.Release|Win32.ActiveCfg = Release|Any CPU
		{FBD89143-7A75-4EF8-B697-80446030DFD7}.Release|x86.ActiveCfg = Release|Any CPU
		{FBD89143-7A75-4EF8-B697-80446030DFD7}.Release|Xbox 360.ActiveCfg = Release|Any CPU
	EndGlobalSection
	GlobalSection(SolutionProperties) = preSolution
		HideSolutionNode = FALSE
	EndGlobalSection
	GlobalSection(NestedProjects) = preSolution
		{F2A9646D-3EA9-4C3E-BE4B-CEF2CE0DCA46} = {60BB74E7-F34F-473F-93B9-2E8B8B14B5BE}
		{AA72D449-B468-4698-A28D-926E2225FC5A} = {5FF681B1-3EFA-4E08-B591-B935648CEE4C}
		{28DB5D72-71E8-4E92-A1C8-2CC5F45300A9} = {5FF681B1-3EFA-4E08-B591-B935648CEE4C}
		{8F9419AA-EA51-4759-BADC-59D984FFA3B3} = {28DB5D72-71E8-4E92-A1C8-2CC5F45300A9}
		{F3B19A80-1849-45B2-B21D-A9A68E2E47D0} = {28DB5D72-71E8-4E92-A1C8-2CC5F45300A9}
		{40CA55CF-4A50-45CB-8166-06DE5F77316F} = {28DB5D72-71E8-4E92-A1C8-2CC5F45300A9}
		{78198102-0C5B-4F8A-A001-CF55747DC044} = {28DB5D72-71E8-4E92-A1C8-2CC5F45300A9}
		{88F2DDB5-3C4A-4D3D-A9FF-6A5DA19BB9B7} = {28DB5D72-71E8-4E92-A1C8-2CC5F45300A9}
		{FBD89143-7A75-4EF8-B697-80446030DFD7} = {28DB5D72-71E8-4E92-A1C8-2CC5F45300A9}
	EndGlobalSection
EndGlobal
